
Microsoft Visual Studio Solution File, Format Version 12.00
# Visual Studio Version 16
VisualStudioVersion = 16.0.32510.428
MinimumVisualStudioVersion = 10.0.40219.1
Project("{FAE04EC0-301F-11D3-BF4B-00C04F79EFBC}") = "BasicPB", "BasicPB\BasicPB.csproj", "{D9FBC0E9-819A-482B-AE20-83AA33B3CD81}"
EndProject
Project("{FAE04EC0-301F-11D3-BF4B-00C04F79EFBC}") = "NetProtocol", "NetProtocol\NetProtocol.csproj", "{8DD38596-D641-45DF-920E-3DB0E967A415}"
EndProject
Project("{FAE04EC0-301F-11D3-BF4B-00C04F79EFBC}") = "UDPSever", "UDPSever\UDPSever.csproj", "{3770DAE9-9BAF-4934-915A-3C5CBB592D76}"
EndProject
Global
	GlobalSection(SolutionConfigurationPlatforms) = preSolution
		Debug|Any CPU = Debug|Any CPU
		Release|Any CPU = Release|Any CPU
	EndGlobalSection
	GlobalSection(ProjectConfigurationPlatforms) = postSolution
		{D9FBC0E9-819A-482B-AE20-83AA33B3CD81}.Debug|Any CPU.ActiveCfg = Debug|Any CPU
		{D9FBC0E9-819A-482B-AE20-83AA33B3CD81}.Debug|Any CPU.Build.0 = Debug|Any CPU
		{D9FBC0E9-819A-482B-AE20-83AA33B3CD81}.Release|Any CPU.ActiveCfg = Release|Any CPU
		{D9FBC0E9-819A-482B-AE20-83AA33B3CD81}.Release|Any CPU.Build.0 = Release|Any CPU
		{8DD38596-D641-45DF-920E-3DB0E967A415}.Debug|Any CPU.ActiveCfg = Debug|Any CPU
		{8DD38596-D641-45DF-920E-3DB0E967A415}.Debug|Any CPU.Build.0 = Debug|Any CPU
		{8DD38596-D641-45DF-920E-3DB0E967A415}.Release|Any CPU.ActiveCfg = Release|Any CPU
		{8DD38596-D641-45DF-920E-3DB0E967A415}.Release|Any CPU.Build.0 = Release|Any CPU
		{3770DAE9-9BAF-4934-915A-3C5CBB592D76}.Debug|Any CPU.ActiveCfg = Debug|Any CPU
		{3770DAE9-9BAF-4934-915A-3C5CBB592D76}.Debug|Any CPU.Build.0 = Debug|Any CPU
		{3770DAE9-9BAF-4934-915A-3C5CBB592D76}.Release|Any CPU.ActiveCfg = Release|Any CPU
		{3770DAE9-9BAF-4934-915A-3C5CBB592D76}.Release|Any CPU.Build.0 = Release|Any CPU
	EndGlobalSection
	GlobalSection(SolutionProperties) = preSolution
		HideSolutionNode = FALSE
	EndGlobalSection
	GlobalSection(ExtensibilityGlobals) = postSolution
		SolutionGuid = {A70211D4-96CC-4913-9374-9CF3FB7EA537}
	EndGlobalSection
EndGlobal
